
Microsoft Visual Studio Solution File, Format Version 12.00
Project("{FAE04EC0-301F-11D3-BF4B-00C04F79EFBC}") = "TaskTwig", "TaskTwig\TaskTwig.csproj", "{C2D93B5E-820E-443A-8882-55C00A12803C}"
EndProject
Project("{FAE04EC0-301F-11D3-BF4B-00C04F79EFBC}") = "TaskTwig.Android", "TaskTwig.Android\TaskTwig.Android.csproj", "{11F1A208-62D6-4D90-8187-ADD216D14991}"
EndProject
Project("{FAE04EC0-301F-11D3-BF4B-00C04F79EFBC}") = "TaskTwig.Desktop", "TaskTwig.Desktop\TaskTwig.Desktop.csproj", "{5C743EA2-AF3D-4679-A63B-C8C47F3096FD}"
EndProject
Project("{FAE04EC0-301F-11D3-BF4B-00C04F79EFBC}") = "TaskTwig.iOS", "TaskTwig.iOS\TaskTwig.iOS.csproj", "{57E133B0-09EC-4D96-8CD2-D7BE073661FE}"
EndProject
Project("{FAE04EC0-301F-11D3-BF4B-00C04F79EFBC}") = "TaskTwig.Browser", "TaskTwig.Browser\TaskTwig.Browser.csproj", "{979D8E4A-D58E-4A81-98ED-C0FDAA73E0AF}"
EndProject
Global
	GlobalSection(SolutionConfigurationPlatforms) = preSolution
		Debug|Any CPU = Debug|Any CPU
		Release|Any CPU = Release|Any CPU
	EndGlobalSection
	GlobalSection(ProjectConfigurationPlatforms) = postSolution
		{C2D93B5E-820E-443A-8882-55C00A12803C}.Debug|Any CPU.ActiveCfg = Debug|Any CPU
		{C2D93B5E-820E-443A-8882-55C00A12803C}.Debug|Any CPU.Build.0 = Debug|Any CPU
		{C2D93B5E-820E-443A-8882-55C00A12803C}.Release|Any CPU.ActiveCfg = Release|Any CPU
		{C2D93B5E-820E-443A-8882-55C00A12803C}.Release|Any CPU.Build.0 = Release|Any CPU
		{11F1A208-62D6-4D90-8187-ADD216D14991}.Debug|Any CPU.ActiveCfg = Debug|Any CPU
		{11F1A208-62D6-4D90-8187-ADD216D14991}.Debug|Any CPU.Build.0 = Debug|Any CPU
		{11F1A208-62D6-4D90-8187-ADD216D14991}.Debug|Any CPU.Deploy.0 = Debug|Any CPU
		{11F1A208-62D6-4D90-8187-ADD216D14991}.Release|Any CPU.ActiveCfg = Release|Any CPU
		{11F1A208-62D6-4D90-8187-ADD216D14991}.Release|Any CPU.Build.0 = Release|Any CPU
		{11F1A208-62D6-4D90-8187-ADD216D14991}.Release|Any CPU.Deploy.0 = Release|Any CPU
		{5C743EA2-AF3D-4679-A63B-C8C47F3096FD}.Debug|Any CPU.ActiveCfg = Debug|Any CPU
		{5C743EA2-AF3D-4679-A63B-C8C47F3096FD}.Debug|Any CPU.Build.0 = Debug|Any CPU
		{5C743EA2-AF3D-4679-A63B-C8C47F3096FD}.Release|Any CPU.ActiveCfg = Release|Any CPU
		{5C743EA2-AF3D-4679-A63B-C8C47F3096FD}.Release|Any CPU.Build.0 = Release|Any CPU
		{57E133B0-09EC-4D96-8CD2-D7BE073661FE}.Debug|Any CPU.ActiveCfg = Debug|Any CPU
		{57E133B0-09EC-4D96-8CD2-D7BE073661FE}.Debug|Any CPU.Build.0 = Debug|Any CPU
		{57E133B0-09EC-4D96-8CD2-D7BE073661FE}.Debug|Any CPU.Deploy.0 = Debug|Any CPU
		{57E133B0-09EC-4D96-8CD2-D7BE073661FE}.Release|Any CPU.ActiveCfg = Release|Any CPU
		{57E133B0-09EC-4D96-8CD2-D7BE073661FE}.Release|Any CPU.Build.0 = Release|Any CPU
		{57E133B0-09EC-4D96-8CD2-D7BE073661FE}.Release|Any CPU.Deploy.0 = Release|Any CPU
		{979D8E4A-D58E-4A81-98ED-C0FDAA73E0AF}.Debug|Any CPU.ActiveCfg = Debug|Any CPU
		{979D8E4A-D58E-4A81-98ED-C0FDAA73E0AF}.Debug|Any CPU.Build.0 = Debug|Any CPU
		{979D8E4A-D58E-4A81-98ED-C0FDAA73E0AF}.Release|Any CPU.ActiveCfg = Release|Any CPU
		{979D8E4A-D58E-4A81-98ED-C0FDAA73E0AF}.Release|Any CPU.Build.0 = Release|Any CPU
	EndGlobalSection
EndGlobal
